
Microsoft Visual Studio Solution File, Format Version 12.00
# Visual Studio 15
VisualStudioVersion = 15.0.28307.902
MinimumVisualStudioVersion = 10.0.40219.1
Project("{8BC9CEB8-8B4A-11D0-8D11-00A0C91BC942}") = "DataBase", "src\DataBase\DataBase.vcxproj", "{F59B359D-0335-45BE-8128-DC6BD231705E}"
EndProject
Global
	GlobalSection(SolutionConfigurationPlatforms) = preSolution
		Debug|x64 = Debug|x64
		Debug|x86 = Debug|x86
		Release|x64 = Release|x64
		Release|x86 = Release|x86
	EndGlobalSection
	GlobalSection(ProjectConfigurationPlatforms) = postSolution
		{F59B359D-0335-45BE-8128-DC6BD231705E}.Debug|x64.ActiveCfg = Debug|x64
		{F59B359D-0335-45BE-8128-DC6BD231705E}.Debug|x64.Build.0 = Debug|x64
		{F59B359D-0335-45BE-8128-DC6BD231705E}.Debug|x86.ActiveCfg = Debug|Win32
		{F59B359D-0335-45BE-8128-DC6BD231705E}.Debug|x86.Build.0 = Debug|Win32
		{F59B359D-0335-45BE-8128-DC6BD231705E}.Release|x64.ActiveCfg = Release|x64
		{F59B359D-0335-45BE-8128-DC6BD231705E}.Release|x64.Build.0 = Release|x64
		{F59B359D-0335-45BE-8128-DC6BD231705E}.Release|x86.ActiveCfg = Release|Win32
		{F59B359D-0335-45BE-8128-DC6BD231705E}.Release|x86.Build.0 = Release|Win32
	EndGlobalSection
	GlobalSection(SolutionProperties) = preSolution
		HideSolutionNode = FALSE
	EndGlobalSection
	GlobalSection(ExtensibilityGlobals) = postSolution
		SolutionGuid = {3AD29577-25E9-40EB-8B6B-4C475EBF3780}
	EndGlobalSection
EndGlobal
